// !$*UTF8*$!
{
	archiveVersion = 1;
	classes = {
	};
	objectVersion = 55;
	objects = {

/* Begin PBXBuildFile section */
		D46FF2C7274BFFF10013CCCB /* ioasysApp.swift in Sources */ = {isa = PBXBuildFile; fileRef = D46FF2C6274BFFF10013CCCB /* ioasysApp.swift */; };
		D46FF2CB274BFFF30013CCCB /* Assets.xcassets in Resources */ = {isa = PBXBuildFile; fileRef = D46FF2CA274BFFF30013CCCB /* Assets.xcassets */; };
		D46FF2CE274BFFF30013CCCB /* Preview Assets.xcassets in Resources */ = {isa = PBXBuildFile; fileRef = D46FF2CD274BFFF30013CCCB /* Preview Assets.xcassets */; };
		D46FF2DD274C10380013CCCB /* LaunchView.swift in Sources */ = {isa = PBXBuildFile; fileRef = D46FF2DC274C10380013CCCB /* LaunchView.swift */; };
		D46FF2DF274C238B0013CCCB /* LoginView.swift in Sources */ = {isa = PBXBuildFile; fileRef = D46FF2DE274C238B0013CCCB /* LoginView.swift */; };
		D46FF2E4274C334C0013CCCB /* CustomTextField.swift in Sources */ = {isa = PBXBuildFile; fileRef = D46FF2E3274C334C0013CCCB /* CustomTextField.swift */; };
		D46FF2E6274C39930013CCCB /* CustomMiniText.swift in Sources */ = {isa = PBXBuildFile; fileRef = D46FF2E5274C39930013CCCB /* CustomMiniText.swift */; };
/* End PBXBuildFile section */

/* Begin PBXFileReference section */
		D46FF2C3274BFFF10013CCCB /* ioasys.app */ = {isa = PBXFileReference; explicitFileType = wrapper.application; includeInIndex = 0; path = ioasys.app; sourceTree = BUILT_PRODUCTS_DIR; };
		D46FF2C6274BFFF10013CCCB /* ioasysApp.swift */ = {isa = PBXFileReference; lastKnownFileType = sourcecode.swift; path = ioasysApp.swift; sourceTree = "<group>"; };
		D46FF2CA274BFFF30013CCCB /* Assets.xcassets */ = {isa = PBXFileReference; lastKnownFileType = folder.assetcatalog; path = Assets.xcassets; sourceTree = "<group>"; };
		D46FF2CD274BFFF30013CCCB /* Preview Assets.xcassets */ = {isa = PBXFileReference; lastKnownFileType = folder.assetcatalog; path = "Preview Assets.xcassets"; sourceTree = "<group>"; };
		D46FF2D9274C01860013CCCB /* Info.plist */ = {isa = PBXFileReference; lastKnownFileType = text.plist; path = Info.plist; sourceTree = "<group>"; };
		D46FF2DC274C10380013CCCB /* LaunchView.swift */ = {isa = PBXFileReference; lastKnownFileType = sourcecode.swift; path = LaunchView.swift; sourceTree = "<group>"; };
		D46FF2DE274C238B0013CCCB /* LoginView.swift */ = {isa = PBXFileReference; lastKnownFileType = sourcecode.swift; path = LoginView.swift; sourceTree = "<group>"; };
		D46FF2E3274C334C0013CCCB /* CustomTextField.swift */ = {isa = PBXFileReference; fileEncoding = 4; lastKnownFileType = sourcecode.swift; path = CustomTextField.swift; sourceTree = "<group>"; };
		D46FF2E5274C39930013CCCB /* CustomMiniText.swift */ = {isa = PBXFileReference; lastKnownFileType = sourcecode.swift; path = CustomMiniText.swift; sourceTree = "<group>"; };
/* End PBXFileReference section */

/* Begin PBXFrameworksBuildPhase section */
		D46FF2C0274BFFF10013CCCB /* Frameworks */ = {
			isa = PBXFrameworksBuildPhase;
			buildActionMask = 2147483647;
			files = (
			);
			runOnlyForDeploymentPostprocessing = 0;
		};
/* End PBXFrameworksBuildPhase section */

/* Begin PBXGroup section */
		D46FF2BA274BFFF10013CCCB = {
			isa = PBXGroup;
			children = (
				D46FF2C5274BFFF10013CCCB /* ioasys */,
				D46FF2C4274BFFF10013CCCB /* Products */,
			);
			sourceTree = "<group>";
		};
		D46FF2C4274BFFF10013CCCB /* Products */ = {
			isa = PBXGroup;
			children = (
				D46FF2C3274BFFF10013CCCB /* ioasys.app */,
			);
			name = Products;
			sourceTree = "<group>";
		};
		D46FF2C5274BFFF10013CCCB /* ioasys */ = {
			isa = PBXGroup;
			children = (
				D46FF2D9274C01860013CCCB /* Info.plist */,
				D46FF2E9274C53140013CCCB /* Modifier */,
				D46FF2D8274C00420013CCCB /* Service */,
				D46FF2D7274C003C0013CCCB /* Utils */,
				D46FF2D6274C00370013CCCB /* Model */,
				D46FF2D5274C00320013CCCB /* ViewModel */,
				D46FF2D4274C002B0013CCCB /* View */,
				D46FF2C6274BFFF10013CCCB /* ioasysApp.swift */,
				D46FF2CA274BFFF30013CCCB /* Assets.xcassets */,
				D46FF2CC274BFFF30013CCCB /* Preview Content */,
			);
			path = ioasys;
			sourceTree = "<group>";
		};
		D46FF2CC274BFFF30013CCCB /* Preview Content */ = {
			isa = PBXGroup;
			children = (
				D46FF2CD274BFFF30013CCCB /* Preview Assets.xcassets */,
			);
			path = "Preview Content";
			sourceTree = "<group>";
		};
		D46FF2D4274C002B0013CCCB /* View */ = {
			isa = PBXGroup;
			children = (
				D46FF2E0274C299E0013CCCB /* Components */,
				D46FF2DC274C10380013CCCB /* LaunchView.swift */,
				D46FF2DE274C238B0013CCCB /* LoginView.swift */,
			);
			path = View;
			sourceTree = "<group>";
		};
		D46FF2D5274C00320013CCCB /* ViewModel */ = {
			isa = PBXGroup;
			children = (
			);
			path = ViewModel;
			sourceTree = "<group>";
		};
		D46FF2D6274C00370013CCCB /* Model */ = {
			isa = PBXGroup;
			children = (
			);
			path = Model;
			sourceTree = "<group>";
		};
		D46FF2D7274C003C0013CCCB /* Utils */ = {
			isa = PBXGroup;
			children = (
			);
			path = Utils;
			sourceTree = "<group>";
		};
		D46FF2D8274C00420013CCCB /* Service */ = {
			isa = PBXGroup;
			children = (
			);
			path = Service;
			sourceTree = "<group>";
		};
		D46FF2E0274C299E0013CCCB /* Components */ = {
			isa = PBXGroup;
			children = (
				D46FF2E3274C334C0013CCCB /* CustomTextField.swift */,
				D46FF2E5274C39930013CCCB /* CustomMiniText.swift */,
			);
			path = Components;
			sourceTree = "<group>";
		};
		D46FF2E9274C53140013CCCB /* Modifier */ = {
			isa = PBXGroup;
			children = (
			);
			path = Modifier;
			sourceTree = "<group>";
		};
/* End PBXGroup section */

/* Begin PBXNativeTarget section */
		D46FF2C2274BFFF10013CCCB /* ioasys */ = {
			isa = PBXNativeTarget;
			buildConfigurationList = D46FF2D1274BFFF30013CCCB /* Build configuration list for PBXNativeTarget "ioasys" */;
			buildPhases = (
				D46FF2BF274BFFF10013CCCB /* Sources */,
				D46FF2C0274BFFF10013CCCB /* Frameworks */,
				D46FF2C1274BFFF10013CCCB /* Resources */,
			);
			buildRules = (
			);
			dependencies = (
			);
			name = ioasys;
			productName = ioasys;
			productReference = D46FF2C3274BFFF10013CCCB /* ioasys.app */;
			productType = "com.apple.product-type.application";
		};
/* End PBXNativeTarget section */

/* Begin PBXProject section */
		D46FF2BB274BFFF10013CCCB /* Project object */ = {
			isa = PBXProject;
			attributes = {
				BuildIndependentTargetsInParallel = 1;
				LastSwiftUpdateCheck = 1310;
				LastUpgradeCheck = 1310;
				TargetAttributes = {
					D46FF2C2274BFFF10013CCCB = {
						CreatedOnToolsVersion = 13.1;
					};
				};
			};
			buildConfigurationList = D46FF2BE274BFFF10013CCCB /* Build configuration list for PBXProject "ioasys" */;
			compatibilityVersion = "Xcode 13.0";
			developmentRegion = en;
			hasScannedForEncodings = 0;
			knownRegions = (
				en,
				Base,
			);
			mainGroup = D46FF2BA274BFFF10013CCCB;
			productRefGroup = D46FF2C4274BFFF10013CCCB /* Products */;
			projectDirPath = "";
			projectRoot = "";
			targets = (
				D46FF2C2274BFFF10013CCCB /* ioasys */,
			);
		};
/* End PBXProject section */

/* Begin PBXResourcesBuildPhase section */
		D46FF2C1274BFFF10013CCCB /* Resources */ = {
			isa = PBXResourcesBuildPhase;
			buildActionMask = 2147483647;
			files = (
				D46FF2CE274BFFF30013CCCB /* Preview Assets.xcassets in Resources */,
				D46FF2CB274BFFF30013CCCB /* Assets.xcassets in Resources */,
			);
			runOnlyForDeploymentPostprocessing = 0;
		};
/* End PBXResourcesBuildPhase section */

/* Begin PBXSourcesBuildPhase section */
		D46FF2BF274BFFF10013CCCB /* Sources */ = {
			isa = PBXSourcesBuildPhase;
			buildActionMask = 2147483647;
			files = (
				D46FF2E4274C334C0013CCCB /* CustomTextField.swift in Sources */,
				D46FF2DF274C238B0013CCCB /* LoginView.swift in Sources */,
				D46FF2E6274C39930013CCCB /* CustomMiniText.swift in Sources */,
				D46FF2DD274C10380013CCCB /* LaunchView.swift in Sources */,
				D46FF2C7274BFFF10013CCCB /* ioasysApp.swift in Sources */,
			);
			runOnlyForDeploymentPostprocessing = 0;
		};
/* End PBXSourcesBuildPhase section */

/* Begin XCBuildConfiguration section */
		D46FF2CF274BFFF30013CCCB /* Debug */ = {
			isa = XCBuildConfiguration;
			buildSettings = {
				ALWAYS_SEARCH_USER_PATHS = NO;
				CLANG_ANALYZER_NONNULL = YES;
				CLANG_ANALYZER_NUMBER_OBJECT_CONVERSION = YES_AGGRESSIVE;
				CLANG_CXX_LANGUAGE_STANDARD = "gnu++17";
				CLANG_CXX_LIBRARY = "libc++";
				CLANG_ENABLE_MODULES = YES;
				CLANG_ENABLE_OBJC_ARC = YES;
				CLANG_ENABLE_OBJC_WEAK = YES;
				CLANG_WARN_BLOCK_CAPTURE_AUTORELEASING = YES;
				CLANG_WARN_BOOL_CONVERSION = YES;
				CLANG_WARN_COMMA = YES;
				CLANG_WARN_CONSTANT_CONVERSION = YES;
				CLANG_WARN_DEPRECATED_OBJC_IMPLEMENTATIONS = YES;
				CLANG_WARN_DIRECT_OBJC_ISA_USAGE = YES_ERROR;
				CLANG_WARN_DOCUMENTATION_COMMENTS = YES;
				CLANG_WARN_EMPTY_BODY = YES;
				CLANG_WARN_ENUM_CONVERSION = YES;
				CLANG_WARN_INFINITE_RECURSION = YES;
				CLANG_WARN_INT_CONVERSION = YES;
				CLANG_WARN_NON_LITERAL_NULL_CONVERSION = YES;
				CLANG_WARN_OBJC_IMPLICIT_RETAIN_SELF = YES;
				CLANG_WARN_OBJC_LITERAL_CONVERSION = YES;
				CLANG_WARN_OBJC_ROOT_CLASS = YES_ERROR;
				CLANG_WARN_QUOTED_INCLUDE_IN_FRAMEWORK_HEADER = YES;
				CLANG_WARN_RANGE_LOOP_ANALYSIS = YES;
				CLANG_WARN_STRICT_PROTOTYPES = YES;
				CLANG_WARN_SUSPICIOUS_MOVE = YES;
				CLANG_WARN_UNGUARDED_AVAILABILITY = YES_AGGRESSIVE;
				CLANG_WARN_UNREACHABLE_CODE = YES;
				CLANG_WARN__DUPLICATE_METHOD_MATCH = YES;
				COPY_PHASE_STRIP = NO;
				DEBUG_INFORMATION_FORMAT = dwarf;
				ENABLE_STRICT_OBJC_MSGSEND = YES;
				ENABLE_TESTABILITY = YES;
				GCC_C_LANGUAGE_STANDARD = gnu11;
				GCC_DYNAMIC_NO_PIC = NO;
				GCC_NO_COMMON_BLOCKS = YES;
				GCC_OPTIMIZATION_LEVEL = 0;
				GCC_PREPROCESSOR_DEFINITIONS = (
					"DEBUG=1",
					"$(inherited)",
				);
				GCC_WARN_64_TO_32_BIT_CONVERSION = YES;
				GCC_WARN_ABOUT_RETURN_TYPE = YES_ERROR;
				GCC_WARN_UNDECLARED_SELECTOR = YES;
				GCC_WARN_UNINITIALIZED_AUTOS = YES_AGGRESSIVE;
				GCC_WARN_UNUSED_FUNCTION = YES;
				GCC_WARN_UNUSED_VARIABLE = YES;
				IPHONEOS_DEPLOYMENT_TARGET = 15.0;
				MTL_ENABLE_DEBUG_INFO = INCLUDE_SOURCE;
				MTL_FAST_MATH = YES;
				ONLY_ACTIVE_ARCH = YES;
				SDKROOT = iphoneos;
				SWIFT_ACTIVE_COMPILATION_CONDITIONS = DEBUG;
				SWIFT_OPTIMIZATION_LEVEL = "-Onone";
			};
			name = Debug;
		};
		D46FF2D0274BFFF30013CCCB /* Release */ = {
			isa = XCBuildConfiguration;
			buildSettings = {
				ALWAYS_SEARCH_USER_PATHS = NO;
				CLANG_ANALYZER_NONNULL = YES;
				CLANG_ANALYZER_NUMBER_OBJECT_CONVERSION = YES_AGGRESSIVE;
				CLANG_CXX_LANGUAGE_STANDARD = "gnu++17";
				CLANG_CXX_LIBRARY = "libc++";
				CLANG_ENABLE_MODULES = YES;
				CLANG_ENABLE_OBJC_ARC = YES;
				CLANG_ENABLE_OBJC_WEAK = YES;
				CLANG_WARN_BLOCK_CAPTURE_AUTORELEASING = YES;
				CLANG_WARN_BOOL_CONVERSION = YES;
				CLANG_WARN_COMMA = YES;
				CLANG_WARN_CONSTANT_CONVERSION = YES;
				CLANG_WARN_DEPRECATED_OBJC_IMPLEMENTATIONS = YES;
				CLANG_WARN_DIRECT_OBJC_ISA_USAGE = YES_ERROR;
				CLANG_WARN_DOCUMENTATION_COMMENTS = YES;
				CLANG_WARN_EMPTY_BODY = YES;
				CLANG_WARN_ENUM_CONVERSION = YES;
				CLANG_WARN_INFINITE_RECURSION = YES;
				CLANG_WARN_INT_CONVERSION = YES;
				CLANG_WARN_NON_LITERAL_NULL_CONVERSION = YES;
				CLANG_WARN_OBJC_IMPLICIT_RETAIN_SELF = YES;
				CLANG_WARN_OBJC_LITERAL_CONVERSION = YES;
				CLANG_WARN_OBJC_ROOT_CLASS = YES_ERROR;
				CLANG_WARN_QUOTED_INCLUDE_IN_FRAMEWORK_HEADER = YES;
				CLANG_WARN_RANGE_LOOP_ANALYSIS = YES;
				CLANG_WARN_STRICT_PROTOTYPES = YES;
				CLANG_WARN_SUSPICIOUS_MOVE = YES;
				CLANG_WARN_UNGUARDED_AVAILABILITY = YES_AGGRESSIVE;
				CLANG_WARN_UNREACHABLE_CODE = YES;
				CLANG_WARN__DUPLICATE_METHOD_MATCH = YES;
				COPY_PHASE_STRIP = NO;
				DEBUG_INFORMATION_FORMAT = "dwarf-with-dsym";
				ENABLE_NS_ASSERTIONS = NO;
				ENABLE_STRICT_OBJC_MSGSEND = YES;
				GCC_C_LANGUAGE_STANDARD = gnu11;
				GCC_NO_COMMON_BLOCKS = YES;
				GCC_WARN_64_TO_32_BIT_CONVERSION = YES;
				GCC_WARN_ABOUT_RETURN_TYPE = YES_ERROR;
				GCC_WARN_UNDECLARED_SELECTOR = YES;
				GCC_WARN_UNINITIALIZED_AUTOS = YES_AGGRESSIVE;
				GCC_WARN_UNUSED_FUNCTION = YES;
				GCC_WARN_UNUSED_VARIABLE = YES;
				IPHONEOS_DEPLOYMENT_TARGET = 15.0;
				MTL_ENABLE_DEBUG_INFO = NO;
				MTL_FAST_MATH = YES;
				SDKROOT = iphoneos;
				SWIFT_COMPILATION_MODE = wholemodule;
				SWIFT_OPTIMIZATION_LEVEL = "-O";
				VALIDATE_PRODUCT = YES;
			};
			name = Release;
		};
		D46FF2D2274BFFF30013CCCB /* Debug */ = {
			isa = XCBuildConfiguration;
			buildSettings = {
				ASSETCATALOG_COMPILER_APPICON_NAME = AppIcon;
				ASSETCATALOG_COMPILER_GLOBAL_ACCENT_COLOR_NAME = AccentColor;
				CODE_SIGN_STYLE = Automatic;
				CURRENT_PROJECT_VERSION = 1;
				DEVELOPMENT_ASSET_PATHS = "\"ioasys/Preview Content\"";
				DEVELOPMENT_TEAM = 6U8Y42QFF6;
				ENABLE_PREVIEWS = YES;
				GENERATE_INFOPLIST_FILE = YES;
				INFOPLIST_FILE = ioasys/Info.plist;
				INFOPLIST_KEY_UIApplicationSceneManifest_Generation = YES;
				INFOPLIST_KEY_UIApplicationSupportsIndirectInputEvents = YES;
				INFOPLIST_KEY_UISupportedInterfaceOrientations_iPad = "UIInterfaceOrientationPortrait UIInterfaceOrientationPortraitUpsideDown UIInterfaceOrientationLandscapeLeft UIInterfaceOrientationLandscapeRight";
				INFOPLIST_KEY_UISupportedInterfaceOrientations_iPhone = "UIInterfaceOrientationPortrait UIInterfaceOrientationLandscapeLeft UIInterfaceOrientationLandscapeRight";
				LD_RUNPATH_SEARCH_PATHS = (
					"$(inherited)",
					"@executable_path/Frameworks",
				);
				MARKETING_VERSION = 1.0;
				PRODUCT_BUNDLE_IDENTIFIER = "Sidnei-de-Souza-Junior.ioasys";
				PRODUCT_NAME = "$(TARGET_NAME)";
				SWIFT_EMIT_LOC_STRINGS = YES;
				SWIFT_VERSION = 5.0;
				TARGETED_DEVICE_FAMILY = "1,2";
			};
			name = Debug;
		};
		D46FF2D3274BFFF30013CCCB /* Release */ = {
			isa = XCBuildConfiguration;
			buildSettings = {
				ASSETCATALOG_COMPILER_APPICON_NAME = AppIcon;
				ASSETCATALOG_COMPILER_GLOBAL_ACCENT_COLOR_NAME = AccentColor;
				CODE_SIGN_STYLE = Automatic;
				CURRENT_PROJECT_VERSION = 1;
				DEVELOPMENT_ASSET_PATHS = "\"ioasys/Preview Content\"";
				DEVELOPMENT_TEAM = 6U8Y42QFF6;
				ENABLE_PREVIEWS = YES;
				GENERATE_INFOPLIST_FILE = YES;
				INFOPLIST_FILE = ioasys/Info.plist;
				INFOPLIST_KEY_UIApplicationSceneManifest_Generation = YES;
				INFOPLIST_KEY_UIApplicationSupportsIndirectInputEvents = YES;
				INFOPLIST_KEY_UISupportedInterfaceOrientations_iPad = "UIInterfaceOrientationPortrait UIInterfaceOrientationPortraitUpsideDown UIInterfaceOrientationLandscapeLeft UIInterfaceOrientationLandscapeRight";
				INFOPLIST_KEY_UISupportedInterfaceOrientations_iPhone = "UIInterfaceOrientationPortrait UIInterfaceOrientationLandscapeLeft UIInterfaceOrientationLandscapeRight";
				LD_RUNPATH_SEARCH_PATHS = (
					"$(inherited)",
					"@executable_path/Frameworks",
				);
				MARKETING_VERSION = 1.0;
				PRODUCT_BUNDLE_IDENTIFIER = "Sidnei-de-Souza-Junior.ioasys";
				PRODUCT_NAME = "$(TARGET_NAME)";
				SWIFT_EMIT_LOC_STRINGS = YES;
				SWIFT_VERSION = 5.0;
				TARGETED_DEVICE_FAMILY = "1,2";
			};
			name = Release;
		};
/* End XCBuildConfiguration section */

/* Begin XCConfigurationList section */
		D46FF2BE274BFFF10013CCCB /* Build configuration list for PBXProject "ioasys" */ = {
			isa = XCConfigurationList;
			buildConfigurations = (
				D46FF2CF274BFFF30013CCCB /* Debug */,
				D46FF2D0274BFFF30013CCCB /* Release */,
			);
			defaultConfigurationIsVisible = 0;
			defaultConfigurationName = Release;
		};
		D46FF2D1274BFFF30013CCCB /* Build configuration list for PBXNativeTarget "ioasys" */ = {
			isa = XCConfigurationList;
			buildConfigurations = (
				D46FF2D2274BFFF30013CCCB /* Debug */,
				D46FF2D3274BFFF30013CCCB /* Release */,
			);
			defaultConfigurationIsVisible = 0;
			defaultConfigurationName = Release;
		};
/* End XCConfigurationList section */
	};
	rootObject = D46FF2BB274BFFF10013CCCB /* Project object */;
}
